{
  "package_locations": {
    "mqtt": {
      "location": {
        "version": "0.1.0",
        "location": {
          "git": "https://github.com/LF-Community/mqtt.git"
        }
      },
      "hash": "be1179012b00b3b6236708fc85c0e1d4b2d0c8a7"
    },
    "websocket": {
      "location": {
        "version": "0.1.0",
        "location": {
          "git": "https://github.com/LF-Community/websocket.git"
        }
      },
      "hash": "b31fe23e9aec0b45577e7b17ccdba2bec4abe577"
    }
  }
}