{
  "package_locations": {
    "mqtt": {
      "location": {
        "version": "0.1.0",
        "location": {
          "git": "https://github.com/LF-Community/mqtt.git"
        }
      },
      "hash": "d1c63e74b10e5b62816baa47a472910e201413af"
    },
    "websocket": {
      "location": {
        "version": "0.1.0",
        "location": {
          "git": "https://github.com/LF-Community/websocket.git"
        }
      },
      "hash": "9dbb03e7382990655936f346a302933de7a3fe8a"
    }
  }
}